
Microsoft Visual Studio Solution File, Format Version 12.00
# Visual Studio Version 17
VisualStudioVersion = 17.0.31903.59
MinimumVisualStudioVersion = 10.0.40219.1
Project("{2150E333-8FDC-42A3-9474-1A3956D46DE8}") = "src", "src", "{827E0CD3-B72D-47B6-A68D-7590B98EB39B}"
EndProject
Project("{2150E333-8FDC-42A3-9474-1A3956D46DE8}") = "BuildingBlocks", "BuildingBlocks", "{90298CBA-BD6F-3A0A-69D5-97CAD7B05E7E}"
EndProject
Project("{FAE04EC0-301F-11D3-BF4B-00C04F79EFBC}") = "BuildingBlocks.Common", "src\BuildingBlocks\BuildingBlocks.Common\BuildingBlocks.Common.csproj", "{0414A295-9614-4496-BA8E-D1FD8575A54C}"
EndProject
Project("{FAE04EC0-301F-11D3-BF4B-00C04F79EFBC}") = "BuildingBlocks.Logging", "src\BuildingBlocks\BuildingBlocks.Logging\BuildingBlocks.Logging.csproj", "{879810C4-697C-49DD-A8EC-CD61AF533EB7}"
EndProject
Project("{FAE04EC0-301F-11D3-BF4B-00C04F79EFBC}") = "BuildingBlocks.EventBus", "src\BuildingBlocks\BuildingBlocks.EventBus\BuildingBlocks.EventBus.csproj", "{BCD34550-BBE6-4015-BAF3-9C38E83B0B7F}"
EndProject
Project("{FAE04EC0-301F-11D3-BF4B-00C04F79EFBC}") = "BuildingBlocks.Authentication", "src\BuildingBlocks\BuildingBlocks.Authentication\BuildingBlocks.Authentication.csproj", "{CB47EC6F-A90A-456D-987B-E9B7AD541A64}"
EndProject
Project("{FAE04EC0-301F-11D3-BF4B-00C04F79EFBC}") = "BuildingBlocks.Resilience", "src\BuildingBlocks\BuildingBlocks.Resilience\BuildingBlocks.Resilience.csproj", "{1A5C4D6E-CD4A-4FC4-8A59-BCAB4DDF8F29}"
EndProject
Project("{2150E333-8FDC-42A3-9474-1A3956D46DE8}") = "Services", "Services", "{984BB9B3-3FA3-BE33-9484-CAC21695A33C}"
EndProject
Project("{2150E333-8FDC-42A3-9474-1A3956D46DE8}") = "Identity", "Identity", "{1BFC9479-12BF-35C3-06B8-42D89D95092B}"
EndProject
Project("{FAE04EC0-301F-11D3-BF4B-00C04F79EFBC}") = "Identity.Domain", "src\Services\Identity\Identity.Domain\Identity.Domain.csproj", "{21A28174-8041-4A32-A75A-D8C0B7081686}"
EndProject
Project("{FAE04EC0-301F-11D3-BF4B-00C04F79EFBC}") = "Identity.Application", "src\Services\Identity\Identity.Application\Identity.Application.csproj", "{B2EE42EA-2D1D-4756-A6C7-1E96142E3846}"
EndProject
Project("{FAE04EC0-301F-11D3-BF4B-00C04F79EFBC}") = "Identity.Infrastructure", "src\Services\Identity\Identity.Infrastructure\Identity.Infrastructure.csproj", "{7B4F474C-9625-48F3-BACA-2EDB2993FCFF}"
EndProject
Project("{FAE04EC0-301F-11D3-BF4B-00C04F79EFBC}") = "Identity.API", "src\Services\Identity\Identity.API\Identity.API.csproj", "{6C3F3252-2594-48D8-A115-D45B12DD3C92}"
EndProject
Project("{2150E333-8FDC-42A3-9474-1A3956D46DE8}") = "ApiGateway", "ApiGateway", "{FCA01246-F2C6-0AA7-D43F-FD13BE0B9D88}"
EndProject
Project("{FAE04EC0-301F-11D3-BF4B-00C04F79EFBC}") = "PosX.ApiGateway", "src\ApiGateway\PosX.ApiGateway\PosX.ApiGateway.csproj", "{0B14826E-EF88-44CB-8690-741C4C4F90C5}"
EndProject
Project("{2150E333-8FDC-42A3-9474-1A3956D46DE8}") = "tests", "tests", "{0AB3BF05-4346-4AA6-1389-037BE0695223}"
EndProject
Project("{2150E333-8FDC-42A3-9474-1A3956D46DE8}") = "UnitTests", "UnitTests", "{394A81D9-3C45-9818-BB26-23F2B85056FF}"
EndProject
Project("{FAE04EC0-301F-11D3-BF4B-00C04F79EFBC}") = "Products.UnitTests", "tests\UnitTests\Products.UnitTests\Products.UnitTests.csproj", "{23EA036B-3422-4F51-8858-00B6B98985E7}"
EndProject
Project("{2150E333-8FDC-42A3-9474-1A3956D46DE8}") = "Products", "Products", "{9C38305C-81FF-7873-E521-3D73D8C495AF}"
EndProject
Project("{FAE04EC0-301F-11D3-BF4B-00C04F79EFBC}") = "Products.Application", "src\Services\Products\Products.Application\Products.Application.csproj", "{4F6C5ABF-B787-40FE-99DF-C565D6EFA38E}"
EndProject
Project("{FAE04EC0-301F-11D3-BF4B-00C04F79EFBC}") = "Products.Domain", "src\Services\Products\Products.Domain\Products.Domain.csproj", "{DBCAA95D-F987-48AF-A238-3D96BF3AA4A7}"
EndProject
Project("{2150E333-8FDC-42A3-9474-1A3956D46DE8}") = "IntegrationTests", "IntegrationTests", "{30785934-E017-5D9F-2777-3D61460A5281}"
EndProject
Project("{FAE04EC0-301F-11D3-BF4B-00C04F79EFBC}") = "Products.IntegrationTests", "tests\IntegrationTests\Products.IntegrationTests\Products.IntegrationTests.csproj", "{099234A2-82DE-4055-9998-CAC49646D306}"
EndProject
Project("{FAE04EC0-301F-11D3-BF4B-00C04F79EFBC}") = "Identity.UnitTests", "tests\UnitTests\Identity.UnitTests\Identity.UnitTests.csproj", "{45181BBD-E775-44FC-B09C-F21E75EA169E}"
EndProject
Project("{FAE04EC0-301F-11D3-BF4B-00C04F79EFBC}") = "Identity.IntegrationTests", "tests\IntegrationTests\Identity.IntegrationTests\Identity.IntegrationTests.csproj", "{88840D90-B6AF-44D2-B809-E38EC621AD2C}"
EndProject
Project("{FAE04EC0-301F-11D3-BF4B-00C04F79EFBC}") = "Sales.UnitTests", "tests\UnitTests\Sales.UnitTests\Sales.UnitTests.csproj", "{A472C823-1085-44D7-837C-B6AC66170286}"
EndProject
Project("{FAE04EC0-301F-11D3-BF4B-00C04F79EFBC}") = "Sales.IntegrationTests", "tests\IntegrationTests\Sales.IntegrationTests\Sales.IntegrationTests.csproj", "{A5EE828A-A058-4F15-80AC-75BADE51BBE1}"
EndProject
Global
	GlobalSection(SolutionConfigurationPlatforms) = preSolution
		Debug|Any CPU = Debug|Any CPU
		Debug|x64 = Debug|x64
		Debug|x86 = Debug|x86
		Release|Any CPU = Release|Any CPU
		Release|x64 = Release|x64
		Release|x86 = Release|x86
	EndGlobalSection
	GlobalSection(ProjectConfigurationPlatforms) = postSolution
		{0414A295-9614-4496-BA8E-D1FD8575A54C}.Debug|Any CPU.ActiveCfg = Debug|Any CPU
		{0414A295-9614-4496-BA8E-D1FD8575A54C}.Debug|Any CPU.Build.0 = Debug|Any CPU
		{0414A295-9614-4496-BA8E-D1FD8575A54C}.Debug|x64.ActiveCfg = Debug|Any CPU
		{0414A295-9614-4496-BA8E-D1FD8575A54C}.Debug|x64.Build.0 = Debug|Any CPU
		{0414A295-9614-4496-BA8E-D1FD8575A54C}.Debug|x86.ActiveCfg = Debug|Any CPU
		{0414A295-9614-4496-BA8E-D1FD8575A54C}.Debug|x86.Build.0 = Debug|Any CPU
		{0414A295-9614-4496-BA8E-D1FD8575A54C}.Release|Any CPU.ActiveCfg = Release|Any CPU
		{0414A295-9614-4496-BA8E-D1FD8575A54C}.Release|Any CPU.Build.0 = Release|Any CPU
		{0414A295-9614-4496-BA8E-D1FD8575A54C}.Release|x64.ActiveCfg = Release|Any CPU
		{0414A295-9614-4496-BA8E-D1FD8575A54C}.Release|x64.Build.0 = Release|Any CPU
		{0414A295-9614-4496-BA8E-D1FD8575A54C}.Release|x86.ActiveCfg = Release|Any CPU
		{0414A295-9614-4496-BA8E-D1FD8575A54C}.Release|x86.Build.0 = Release|Any CPU
		{879810C4-697C-49DD-A8EC-CD61AF533EB7}.Debug|Any CPU.ActiveCfg = Debug|Any CPU
		{879810C4-697C-49DD-A8EC-CD61AF533EB7}.Debug|Any CPU.Build.0 = Debug|Any CPU
		{879810C4-697C-49DD-A8EC-CD61AF533EB7}.Debug|x64.ActiveCfg = Debug|Any CPU
		{879810C4-697C-49DD-A8EC-CD61AF533EB7}.Debug|x64.Build.0 = Debug|Any CPU
		{879810C4-697C-49DD-A8EC-CD61AF533EB7}.Debug|x86.ActiveCfg = Debug|Any CPU
		{879810C4-697C-49DD-A8EC-CD61AF533EB7}.Debug|x86.Build.0 = Debug|Any CPU
		{879810C4-697C-49DD-A8EC-CD61AF533EB7}.Release|Any CPU.ActiveCfg = Release|Any CPU
		{879810C4-697C-49DD-A8EC-CD61AF533EB7}.Release|Any CPU.Build.0 = Release|Any CPU
		{879810C4-697C-49DD-A8EC-CD61AF533EB7}.Release|x64.ActiveCfg = Release|Any CPU
		{879810C4-697C-49DD-A8EC-CD61AF533EB7}.Release|x64.Build.0 = Release|Any CPU
		{879810C4-697C-49DD-A8EC-CD61AF533EB7}.Release|x86.ActiveCfg = Release|Any CPU
		{879810C4-697C-49DD-A8EC-CD61AF533EB7}.Release|x86.Build.0 = Release|Any CPU
		{BCD34550-BBE6-4015-BAF3-9C38E83B0B7F}.Debug|Any CPU.ActiveCfg = Debug|Any CPU
		{BCD34550-BBE6-4015-BAF3-9C38E83B0B7F}.Debug|Any CPU.Build.0 = Debug|Any CPU
		{BCD34550-BBE6-4015-BAF3-9C38E83B0B7F}.Debug|x64.ActiveCfg = Debug|Any CPU
		{BCD34550-BBE6-4015-BAF3-9C38E83B0B7F}.Debug|x64.Build.0 = Debug|Any CPU
		{BCD34550-BBE6-4015-BAF3-9C38E83B0B7F}.Debug|x86.ActiveCfg = Debug|Any CPU
		{BCD34550-BBE6-4015-BAF3-9C38E83B0B7F}.Debug|x86.Build.0 = Debug|Any CPU
		{BCD34550-BBE6-4015-BAF3-9C38E83B0B7F}.Release|Any CPU.ActiveCfg = Release|Any CPU
		{BCD34550-BBE6-4015-BAF3-9C38E83B0B7F}.Release|Any CPU.Build.0 = Release|Any CPU
		{BCD34550-BBE6-4015-BAF3-9C38E83B0B7F}.Release|x64.ActiveCfg = Release|Any CPU
		{BCD34550-BBE6-4015-BAF3-9C38E83B0B7F}.Release|x64.Build.0 = Release|Any CPU
		{BCD34550-BBE6-4015-BAF3-9C38E83B0B7F}.Release|x86.ActiveCfg = Release|Any CPU
		{BCD34550-BBE6-4015-BAF3-9C38E83B0B7F}.Release|x86.Build.0 = Release|Any CPU
		{CB47EC6F-A90A-456D-987B-E9B7AD541A64}.Debug|Any CPU.ActiveCfg = Debug|Any CPU
		{CB47EC6F-A90A-456D-987B-E9B7AD541A64}.Debug|Any CPU.Build.0 = Debug|Any CPU
		{CB47EC6F-A90A-456D-987B-E9B7AD541A64}.Debug|x64.ActiveCfg = Debug|Any CPU
		{CB47EC6F-A90A-456D-987B-E9B7AD541A64}.Debug|x64.Build.0 = Debug|Any CPU
		{CB47EC6F-A90A-456D-987B-E9B7AD541A64}.Debug|x86.ActiveCfg = Debug|Any CPU
		{CB47EC6F-A90A-456D-987B-E9B7AD541A64}.Debug|x86.Build.0 = Debug|Any CPU
		{CB47EC6F-A90A-456D-987B-E9B7AD541A64}.Release|Any CPU.ActiveCfg = Release|Any CPU
		{CB47EC6F-A90A-456D-987B-E9B7AD541A64}.Release|Any CPU.Build.0 = Release|Any CPU
		{CB47EC6F-A90A-456D-987B-E9B7AD541A64}.Release|x64.ActiveCfg = Release|Any CPU
		{CB47EC6F-A90A-456D-987B-E9B7AD541A64}.Release|x64.Build.0 = Release|Any CPU
		{CB47EC6F-A90A-456D-987B-E9B7AD541A64}.Release|x86.ActiveCfg = Release|Any CPU
		{CB47EC6F-A90A-456D-987B-E9B7AD541A64}.Release|x86.Build.0 = Release|Any CPU
		{1A5C4D6E-CD4A-4FC4-8A59-BCAB4DDF8F29}.Debug|Any CPU.ActiveCfg = Debug|Any CPU
		{1A5C4D6E-CD4A-4FC4-8A59-BCAB4DDF8F29}.Debug|Any CPU.Build.0 = Debug|Any CPU
		{1A5C4D6E-CD4A-4FC4-8A59-BCAB4DDF8F29}.Debug|x64.ActiveCfg = Debug|Any CPU
		{1A5C4D6E-CD4A-4FC4-8A59-BCAB4DDF8F29}.Debug|x64.Build.0 = Debug|Any CPU
		{1A5C4D6E-CD4A-4FC4-8A59-BCAB4DDF8F29}.Debug|x86.ActiveCfg = Debug|Any CPU
		{1A5C4D6E-CD4A-4FC4-8A59-BCAB4DDF8F29}.Debug|x86.Build.0 = Debug|Any CPU
		{1A5C4D6E-CD4A-4FC4-8A59-BCAB4DDF8F29}.Release|Any CPU.ActiveCfg = Release|Any CPU
		{1A5C4D6E-CD4A-4FC4-8A59-BCAB4DDF8F29}.Release|Any CPU.Build.0 = Release|Any CPU
		{1A5C4D6E-CD4A-4FC4-8A59-BCAB4DDF8F29}.Release|x64.ActiveCfg = Release|Any CPU
		{1A5C4D6E-CD4A-4FC4-8A59-BCAB4DDF8F29}.Release|x64.Build.0 = Release|Any CPU
		{1A5C4D6E-CD4A-4FC4-8A59-BCAB4DDF8F29}.Release|x86.ActiveCfg = Release|Any CPU
		{1A5C4D6E-CD4A-4FC4-8A59-BCAB4DDF8F29}.Release|x86.Build.0 = Release|Any CPU
		{21A28174-8041-4A32-A75A-D8C0B7081686}.Debug|Any CPU.ActiveCfg = Debug|Any CPU
		{21A28174-8041-4A32-A75A-D8C0B7081686}.Debug|Any CPU.Build.0 = Debug|Any CPU
		{21A28174-8041-4A32-A75A-D8C0B7081686}.Debug|x64.ActiveCfg = Debug|Any CPU
		{21A28174-8041-4A32-A75A-D8C0B7081686}.Debug|x64.Build.0 = Debug|Any CPU
		{21A28174-8041-4A32-A75A-D8C0B7081686}.Debug|x86.ActiveCfg = Debug|Any CPU
		{21A28174-8041-4A32-A75A-D8C0B7081686}.Debug|x86.Build.0 = Debug|Any CPU
		{21A28174-8041-4A32-A75A-D8C0B7081686}.Release|Any CPU.ActiveCfg = Release|Any CPU
		{21A28174-8041-4A32-A75A-D8C0B7081686}.Release|Any CPU.Build.0 = Release|Any CPU
		{21A28174-8041-4A32-A75A-D8C0B7081686}.Release|x64.ActiveCfg = Release|Any CPU
		{21A28174-8041-4A32-A75A-D8C0B7081686}.Release|x64.Build.0 = Release|Any CPU
		{21A28174-8041-4A32-A75A-D8C0B7081686}.Release|x86.ActiveCfg = Release|Any CPU
		{21A28174-8041-4A32-A75A-D8C0B7081686}.Release|x86.Build.0 = Release|Any CPU
		{B2EE42EA-2D1D-4756-A6C7-1E96142E3846}.Debug|Any CPU.ActiveCfg = Debug|Any CPU
		{B2EE42EA-2D1D-4756-A6C7-1E96142E3846}.Debug|Any CPU.Build.0 = Debug|Any CPU
		{B2EE42EA-2D1D-4756-A6C7-1E96142E3846}.Debug|x64.ActiveCfg = Debug|Any CPU
		{B2EE42EA-2D1D-4756-A6C7-1E96142E3846}.Debug|x64.Build.0 = Debug|Any CPU
		{B2EE42EA-2D1D-4756-A6C7-1E96142E3846}.Debug|x86.ActiveCfg = Debug|Any CPU
		{B2EE42EA-2D1D-4756-A6C7-1E96142E3846}.Debug|x86.Build.0 = Debug|Any CPU
		{B2EE42EA-2D1D-4756-A6C7-1E96142E3846}.Release|Any CPU.ActiveCfg = Release|Any CPU
		{B2EE42EA-2D1D-4756-A6C7-1E96142E3846}.Release|Any CPU.Build.0 = Release|Any CPU
		{B2EE42EA-2D1D-4756-A6C7-1E96142E3846}.Release|x64.ActiveCfg = Release|Any CPU
		{B2EE42EA-2D1D-4756-A6C7-1E96142E3846}.Release|x64.Build.0 = Release|Any CPU
		{B2EE42EA-2D1D-4756-A6C7-1E96142E3846}.Release|x86.ActiveCfg = Release|Any CPU
		{B2EE42EA-2D1D-4756-A6C7-1E96142E3846}.Release|x86.Build.0 = Release|Any CPU
		{7B4F474C-9625-48F3-BACA-2EDB2993FCFF}.Debug|Any CPU.ActiveCfg = Debug|Any CPU
		{7B4F474C-9625-48F3-BACA-2EDB2993FCFF}.Debug|Any CPU.Build.0 = Debug|Any CPU
		{7B4F474C-9625-48F3-BACA-2EDB2993FCFF}.Debug|x64.ActiveCfg = Debug|Any CPU
		{7B4F474C-9625-48F3-BACA-2EDB2993FCFF}.Debug|x64.Build.0 = Debug|Any CPU
		{7B4F474C-9625-48F3-BACA-2EDB2993FCFF}.Debug|x86.ActiveCfg = Debug|Any CPU
		{7B4F474C-9625-48F3-BACA-2EDB2993FCFF}.Debug|x86.Build.0 = Debug|Any CPU
		{7B4F474C-9625-48F3-BACA-2EDB2993FCFF}.Release|Any CPU.ActiveCfg = Release|Any CPU
		{7B4F474C-9625-48F3-BACA-2EDB2993FCFF}.Release|Any CPU.Build.0 = Release|Any CPU
		{7B4F474C-9625-48F3-BACA-2EDB2993FCFF}.Release|x64.ActiveCfg = Release|Any CPU
		{7B4F474C-9625-48F3-BACA-2EDB2993FCFF}.Release|x64.Build.0 = Release|Any CPU
		{7B4F474C-9625-48F3-BACA-2EDB2993FCFF}.Release|x86.ActiveCfg = Release|Any CPU
		{7B4F474C-9625-48F3-BACA-2EDB2993FCFF}.Release|x86.Build.0 = Release|Any CPU
		{6C3F3252-2594-48D8-A115-D45B12DD3C92}.Debug|Any CPU.ActiveCfg = Debug|Any CPU
		{6C3F3252-2594-48D8-A115-D45B12DD3C92}.Debug|Any CPU.Build.0 = Debug|Any CPU
		{6C3F3252-2594-48D8-A115-D45B12DD3C92}.Debug|x64.ActiveCfg = Debug|Any CPU
		{6C3F3252-2594-48D8-A115-D45B12DD3C92}.Debug|x64.Build.0 = Debug|Any CPU
		{6C3F3252-2594-48D8-A115-D45B12DD3C92}.Debug|x86.ActiveCfg = Debug|Any CPU
		{6C3F3252-2594-48D8-A115-D45B12DD3C92}.Debug|x86.Build.0 = Debug|Any CPU
		{6C3F3252-2594-48D8-A115-D45B12DD3C92}.Release|Any CPU.ActiveCfg = Release|Any CPU
		{6C3F3252-2594-48D8-A115-D45B12DD3C92}.Release|Any CPU.Build.0 = Release|Any CPU
		{6C3F3252-2594-48D8-A115-D45B12DD3C92}.Release|x64.ActiveCfg = Release|Any CPU
		{6C3F3252-2594-48D8-A115-D45B12DD3C92}.Release|x64.Build.0 = Release|Any CPU
		{6C3F3252-2594-48D8-A115-D45B12DD3C92}.Release|x86.ActiveCfg = Release|Any CPU
		{6C3F3252-2594-48D8-A115-D45B12DD3C92}.Release|x86.Build.0 = Release|Any CPU
		{0B14826E-EF88-44CB-8690-741C4C4F90C5}.Debug|Any CPU.ActiveCfg = Debug|Any CPU
		{0B14826E-EF88-44CB-8690-741C4C4F90C5}.Debug|Any CPU.Build.0 = Debug|Any CPU
		{0B14826E-EF88-44CB-8690-741C4C4F90C5}.Debug|x64.ActiveCfg = Debug|Any CPU
		{0B14826E-EF88-44CB-8690-741C4C4F90C5}.Debug|x64.Build.0 = Debug|Any CPU
		{0B14826E-EF88-44CB-8690-741C4C4F90C5}.Debug|x86.ActiveCfg = Debug|Any CPU
		{0B14826E-EF88-44CB-8690-741C4C4F90C5}.Debug|x86.Build.0 = Debug|Any CPU
		{0B14826E-EF88-44CB-8690-741C4C4F90C5}.Release|Any CPU.ActiveCfg = Release|Any CPU
		{0B14826E-EF88-44CB-8690-741C4C4F90C5}.Release|Any CPU.Build.0 = Release|Any CPU
		{0B14826E-EF88-44CB-8690-741C4C4F90C5}.Release|x64.ActiveCfg = Release|Any CPU
		{0B14826E-EF88-44CB-8690-741C4C4F90C5}.Release|x64.Build.0 = Release|Any CPU
		{0B14826E-EF88-44CB-8690-741C4C4F90C5}.Release|x86.ActiveCfg = Release|Any CPU
		{0B14826E-EF88-44CB-8690-741C4C4F90C5}.Release|x86.Build.0 = Release|Any CPU
		{23EA036B-3422-4F51-8858-00B6B98985E7}.Debug|Any CPU.ActiveCfg = Debug|Any CPU
		{23EA036B-3422-4F51-8858-00B6B98985E7}.Debug|Any CPU.Build.0 = Debug|Any CPU
		{23EA036B-3422-4F51-8858-00B6B98985E7}.Debug|x64.ActiveCfg = Debug|Any CPU
		{23EA036B-3422-4F51-8858-00B6B98985E7}.Debug|x64.Build.0 = Debug|Any CPU
		{23EA036B-3422-4F51-8858-00B6B98985E7}.Debug|x86.ActiveCfg = Debug|Any CPU
		{23EA036B-3422-4F51-8858-00B6B98985E7}.Debug|x86.Build.0 = Debug|Any CPU
		{23EA036B-3422-4F51-8858-00B6B98985E7}.Release|Any CPU.ActiveCfg = Release|Any CPU
		{23EA036B-3422-4F51-8858-00B6B98985E7}.Release|Any CPU.Build.0 = Release|Any CPU
		{23EA036B-3422-4F51-8858-00B6B98985E7}.Release|x64.ActiveCfg = Release|Any CPU
		{23EA036B-3422-4F51-8858-00B6B98985E7}.Release|x64.Build.0 = Release|Any CPU
		{23EA036B-3422-4F51-8858-00B6B98985E7}.Release|x86.ActiveCfg = Release|Any CPU
		{23EA036B-3422-4F51-8858-00B6B98985E7}.Release|x86.Build.0 = Release|Any CPU
		{4F6C5ABF-B787-40FE-99DF-C565D6EFA38E}.Debug|Any CPU.ActiveCfg = Debug|Any CPU
		{4F6C5ABF-B787-40FE-99DF-C565D6EFA38E}.Debug|Any CPU.Build.0 = Debug|Any CPU
		{4F6C5ABF-B787-40FE-99DF-C565D6EFA38E}.Debug|x64.ActiveCfg = Debug|Any CPU
		{4F6C5ABF-B787-40FE-99DF-C565D6EFA38E}.Debug|x64.Build.0 = Debug|Any CPU
		{4F6C5ABF-B787-40FE-99DF-C565D6EFA38E}.Debug|x86.ActiveCfg = Debug|Any CPU
		{4F6C5ABF-B787-40FE-99DF-C565D6EFA38E}.Debug|x86.Build.0 = Debug|Any CPU
		{4F6C5ABF-B787-40FE-99DF-C565D6EFA38E}.Release|Any CPU.ActiveCfg = Release|Any CPU
		{4F6C5ABF-B787-40FE-99DF-C565D6EFA38E}.Release|Any CPU.Build.0 = Release|Any CPU
		{4F6C5ABF-B787-40FE-99DF-C565D6EFA38E}.Release|x64.ActiveCfg = Release|Any CPU
		{4F6C5ABF-B787-40FE-99DF-C565D6EFA38E}.Release|x64.Build.0 = Release|Any CPU
		{4F6C5ABF-B787-40FE-99DF-C565D6EFA38E}.Release|x86.ActiveCfg = Release|Any CPU
		{4F6C5ABF-B787-40FE-99DF-C565D6EFA38E}.Release|x86.Build.0 = Release|Any CPU
		{DBCAA95D-F987-48AF-A238-3D96BF3AA4A7}.Debug|Any CPU.ActiveCfg = Debug|Any CPU
		{DBCAA95D-F987-48AF-A238-3D96BF3AA4A7}.Debug|Any CPU.Build.0 = Debug|Any CPU
		{DBCAA95D-F987-48AF-A238-3D96BF3AA4A7}.Debug|x64.ActiveCfg = Debug|Any CPU
		{DBCAA95D-F987-48AF-A238-3D96BF3AA4A7}.Debug|x64.Build.0 = Debug|Any CPU
		{DBCAA95D-F987-48AF-A238-3D96BF3AA4A7}.Debug|x86.ActiveCfg = Debug|Any CPU
		{DBCAA95D-F987-48AF-A238-3D96BF3AA4A7}.Debug|x86.Build.0 = Debug|Any CPU
		{DBCAA95D-F987-48AF-A238-3D96BF3AA4A7}.Release|Any CPU.ActiveCfg = Release|Any CPU
		{DBCAA95D-F987-48AF-A238-3D96BF3AA4A7}.Release|Any CPU.Build.0 = Release|Any CPU
		{DBCAA95D-F987-48AF-A238-3D96BF3AA4A7}.Release|x64.ActiveCfg = Release|Any CPU
		{DBCAA95D-F987-48AF-A238-3D96BF3AA4A7}.Release|x64.Build.0 = Release|Any CPU
		{DBCAA95D-F987-48AF-A238-3D96BF3AA4A7}.Release|x86.ActiveCfg = Release|Any CPU
		{DBCAA95D-F987-48AF-A238-3D96BF3AA4A7}.Release|x86.Build.0 = Release|Any CPU
		{099234A2-82DE-4055-9998-CAC49646D306}.Debug|Any CPU.ActiveCfg = Debug|Any CPU
		{099234A2-82DE-4055-9998-CAC49646D306}.Debug|Any CPU.Build.0 = Debug|Any CPU
		{099234A2-82DE-4055-9998-CAC49646D306}.Debug|x64.ActiveCfg = Debug|Any CPU
		{099234A2-82DE-4055-9998-CAC49646D306}.Debug|x64.Build.0 = Debug|Any CPU
		{099234A2-82DE-4055-9998-CAC49646D306}.Debug|x86.ActiveCfg = Debug|Any CPU
		{099234A2-82DE-4055-9998-CAC49646D306}.Debug|x86.Build.0 = Debug|Any CPU
		{099234A2-82DE-4055-9998-CAC49646D306}.Release|Any CPU.ActiveCfg = Release|Any CPU
		{099234A2-82DE-4055-9998-CAC49646D306}.Release|Any CPU.Build.0 = Release|Any CPU
		{099234A2-82DE-4055-9998-CAC49646D306}.Release|x64.ActiveCfg = Release|Any CPU
		{099234A2-82DE-4055-9998-CAC49646D306}.Release|x64.Build.0 = Release|Any CPU
		{099234A2-82DE-4055-9998-CAC49646D306}.Release|x86.ActiveCfg = Release|Any CPU
		{099234A2-82DE-4055-9998-CAC49646D306}.Release|x86.Build.0 = Release|Any CPU
		{45181BBD-E775-44FC-B09C-F21E75EA169E}.Debug|Any CPU.ActiveCfg = Debug|Any CPU
		{45181BBD-E775-44FC-B09C-F21E75EA169E}.Debug|Any CPU.Build.0 = Debug|Any CPU
		{45181BBD-E775-44FC-B09C-F21E75EA169E}.Debug|x64.ActiveCfg = Debug|Any CPU
		{45181BBD-E775-44FC-B09C-F21E75EA169E}.Debug|x64.Build.0 = Debug|Any CPU
		{45181BBD-E775-44FC-B09C-F21E75EA169E}.Debug|x86.ActiveCfg = Debug|Any CPU
		{45181BBD-E775-44FC-B09C-F21E75EA169E}.Debug|x86.Build.0 = Debug|Any CPU
		{45181BBD-E775-44FC-B09C-F21E75EA169E}.Release|Any CPU.ActiveCfg = Release|Any CPU
		{45181BBD-E775-44FC-B09C-F21E75EA169E}.Release|Any CPU.Build.0 = Release|Any CPU
		{45181BBD-E775-44FC-B09C-F21E75EA169E}.Release|x64.ActiveCfg = Release|Any CPU
		{45181BBD-E775-44FC-B09C-F21E75EA169E}.Release|x64.Build.0 = Release|Any CPU
		{45181BBD-E775-44FC-B09C-F21E75EA169E}.Release|x86.ActiveCfg = Release|Any CPU
		{45181BBD-E775-44FC-B09C-F21E75EA169E}.Release|x86.Build.0 = Release|Any CPU
		{88840D90-B6AF-44D2-B809-E38EC621AD2C}.Debug|Any CPU.ActiveCfg = Debug|Any CPU
		{88840D90-B6AF-44D2-B809-E38EC621AD2C}.Debug|Any CPU.Build.0 = Debug|Any CPU
		{88840D90-B6AF-44D2-B809-E38EC621AD2C}.Debug|x64.ActiveCfg = Debug|Any CPU
		{88840D90-B6AF-44D2-B809-E38EC621AD2C}.Debug|x64.Build.0 = Debug|Any CPU
		{88840D90-B6AF-44D2-B809-E38EC621AD2C}.Debug|x86.ActiveCfg = Debug|Any CPU
		{88840D90-B6AF-44D2-B809-E38EC621AD2C}.Debug|x86.Build.0 = Debug|Any CPU
		{88840D90-B6AF-44D2-B809-E38EC621AD2C}.Release|Any CPU.ActiveCfg = Release|Any CPU
		{88840D90-B6AF-44D2-B809-E38EC621AD2C}.Release|Any CPU.Build.0 = Release|Any CPU
		{88840D90-B6AF-44D2-B809-E38EC621AD2C}.Release|x64.ActiveCfg = Release|Any CPU
		{88840D90-B6AF-44D2-B809-E38EC621AD2C}.Release|x64.Build.0 = Release|Any CPU
		{88840D90-B6AF-44D2-B809-E38EC621AD2C}.Release|x86.ActiveCfg = Release|Any CPU
		{88840D90-B6AF-44D2-B809-E38EC621AD2C}.Release|x86.Build.0 = Release|Any CPU
		{A472C823-1085-44D7-837C-B6AC66170286}.Debug|Any CPU.ActiveCfg = Debug|Any CPU
		{A472C823-1085-44D7-837C-B6AC66170286}.Debug|Any CPU.Build.0 = Debug|Any CPU
		{A472C823-1085-44D7-837C-B6AC66170286}.Debug|x64.ActiveCfg = Debug|Any CPU
		{A472C823-1085-44D7-837C-B6AC66170286}.Debug|x64.Build.0 = Debug|Any CPU
		{A472C823-1085-44D7-837C-B6AC66170286}.Debug|x86.ActiveCfg = Debug|Any CPU
		{A472C823-1085-44D7-837C-B6AC66170286}.Debug|x86.Build.0 = Debug|Any CPU
		{A472C823-1085-44D7-837C-B6AC66170286}.Release|Any CPU.ActiveCfg = Release|Any CPU
		{A472C823-1085-44D7-837C-B6AC66170286}.Release|Any CPU.Build.0 = Release|Any CPU
		{A472C823-1085-44D7-837C-B6AC66170286}.Release|x64.ActiveCfg = Release|Any CPU
		{A472C823-1085-44D7-837C-B6AC66170286}.Release|x64.Build.0 = Release|Any CPU
		{A472C823-1085-44D7-837C-B6AC66170286}.Release|x86.ActiveCfg = Release|Any CPU
		{A472C823-1085-44D7-837C-B6AC66170286}.Release|x86.Build.0 = Release|Any CPU
		{A5EE828A-A058-4F15-80AC-75BADE51BBE1}.Debug|Any CPU.ActiveCfg = Debug|Any CPU
		{A5EE828A-A058-4F15-80AC-75BADE51BBE1}.Debug|Any CPU.Build.0 = Debug|Any CPU
		{A5EE828A-A058-4F15-80AC-75BADE51BBE1}.Debug|x64.ActiveCfg = Debug|Any CPU
		{A5EE828A-A058-4F15-80AC-75BADE51BBE1}.Debug|x64.Build.0 = Debug|Any CPU
		{A5EE828A-A058-4F15-80AC-75BADE51BBE1}.Debug|x86.ActiveCfg = Debug|Any CPU
		{A5EE828A-A058-4F15-80AC-75BADE51BBE1}.Debug|x86.Build.0 = Debug|Any CPU
		{A5EE828A-A058-4F15-80AC-75BADE51BBE1}.Release|Any CPU.ActiveCfg = Release|Any CPU
		{A5EE828A-A058-4F15-80AC-75BADE51BBE1}.Release|Any CPU.Build.0 = Release|Any CPU
		{A5EE828A-A058-4F15-80AC-75BADE51BBE1}.Release|x64.ActiveCfg = Release|Any CPU
		{A5EE828A-A058-4F15-80AC-75BADE51BBE1}.Release|x64.Build.0 = Release|Any CPU
		{A5EE828A-A058-4F15-80AC-75BADE51BBE1}.Release|x86.ActiveCfg = Release|Any CPU
		{A5EE828A-A058-4F15-80AC-75BADE51BBE1}.Release|x86.Build.0 = Release|Any CPU
	EndGlobalSection
	GlobalSection(SolutionProperties) = preSolution
		HideSolutionNode = FALSE
	EndGlobalSection
	GlobalSection(NestedProjects) = preSolution
		{90298CBA-BD6F-3A0A-69D5-97CAD7B05E7E} = {827E0CD3-B72D-47B6-A68D-7590B98EB39B}
		{0414A295-9614-4496-BA8E-D1FD8575A54C} = {90298CBA-BD6F-3A0A-69D5-97CAD7B05E7E}
		{879810C4-697C-49DD-A8EC-CD61AF533EB7} = {90298CBA-BD6F-3A0A-69D5-97CAD7B05E7E}
		{BCD34550-BBE6-4015-BAF3-9C38E83B0B7F} = {90298CBA-BD6F-3A0A-69D5-97CAD7B05E7E}
		{CB47EC6F-A90A-456D-987B-E9B7AD541A64} = {90298CBA-BD6F-3A0A-69D5-97CAD7B05E7E}
		{1A5C4D6E-CD4A-4FC4-8A59-BCAB4DDF8F29} = {90298CBA-BD6F-3A0A-69D5-97CAD7B05E7E}
		{984BB9B3-3FA3-BE33-9484-CAC21695A33C} = {827E0CD3-B72D-47B6-A68D-7590B98EB39B}
		{1BFC9479-12BF-35C3-06B8-42D89D95092B} = {984BB9B3-3FA3-BE33-9484-CAC21695A33C}
		{21A28174-8041-4A32-A75A-D8C0B7081686} = {1BFC9479-12BF-35C3-06B8-42D89D95092B}
		{B2EE42EA-2D1D-4756-A6C7-1E96142E3846} = {1BFC9479-12BF-35C3-06B8-42D89D95092B}
		{7B4F474C-9625-48F3-BACA-2EDB2993FCFF} = {1BFC9479-12BF-35C3-06B8-42D89D95092B}
		{6C3F3252-2594-48D8-A115-D45B12DD3C92} = {1BFC9479-12BF-35C3-06B8-42D89D95092B}
		{FCA01246-F2C6-0AA7-D43F-FD13BE0B9D88} = {827E0CD3-B72D-47B6-A68D-7590B98EB39B}
		{0B14826E-EF88-44CB-8690-741C4C4F90C5} = {FCA01246-F2C6-0AA7-D43F-FD13BE0B9D88}
		{394A81D9-3C45-9818-BB26-23F2B85056FF} = {0AB3BF05-4346-4AA6-1389-037BE0695223}
		{23EA036B-3422-4F51-8858-00B6B98985E7} = {394A81D9-3C45-9818-BB26-23F2B85056FF}
		{9C38305C-81FF-7873-E521-3D73D8C495AF} = {984BB9B3-3FA3-BE33-9484-CAC21695A33C}
		{4F6C5ABF-B787-40FE-99DF-C565D6EFA38E} = {9C38305C-81FF-7873-E521-3D73D8C495AF}
		{DBCAA95D-F987-48AF-A238-3D96BF3AA4A7} = {9C38305C-81FF-7873-E521-3D73D8C495AF}
		{30785934-E017-5D9F-2777-3D61460A5281} = {0AB3BF05-4346-4AA6-1389-037BE0695223}
		{099234A2-82DE-4055-9998-CAC49646D306} = {30785934-E017-5D9F-2777-3D61460A5281}
		{45181BBD-E775-44FC-B09C-F21E75EA169E} = {394A81D9-3C45-9818-BB26-23F2B85056FF}
		{88840D90-B6AF-44D2-B809-E38EC621AD2C} = {30785934-E017-5D9F-2777-3D61460A5281}
		{A472C823-1085-44D7-837C-B6AC66170286} = {394A81D9-3C45-9818-BB26-23F2B85056FF}
		{A5EE828A-A058-4F15-80AC-75BADE51BBE1} = {30785934-E017-5D9F-2777-3D61460A5281}
	EndGlobalSection
EndGlobal
